
Microsoft Visual Studio Solution File, Format Version 12.00
# Visual Studio Version 17
VisualStudioVersion = 17.8.34330.188
MinimumVisualStudioVersion = 10.0.40219.1
Project("{9A19103F-16F7-4668-BE54-9A1E7A4F7556}") = "FinTracker.API", "FinTracker.API\FinTracker.API.csproj", "{2EDEC6E2-A66B-49A6-ACCE-9B679D835CBC}"
EndProject
Project("{9A19103F-16F7-4668-BE54-9A1E7A4F7556}") = "FinTracker.Application", "FinTracker.Application\FinTracker.Application.csproj", "{07C975B3-82B5-43CA-B98A-D7C2E53F0EBA}"
EndProject
Project("{9A19103F-16F7-4668-BE54-9A1E7A4F7556}") = "FinTracker.Domain", "FinTracker.Domain\FinTracker.Domain.csproj", "{8BA35B63-2D9A-4F43-B813-40150C006FB7}"
EndProject
Project("{9A19103F-16F7-4668-BE54-9A1E7A4F7556}") = "FinTracker.Infrastructure", "FinTracker.Infrastructure\FinTracker.Infrastructure.csproj", "{0B173449-5A7C-465F-870C-E2CA5D553925}"
EndProject
Global
	GlobalSection(SolutionConfigurationPlatforms) = preSolution
		Debug|Any CPU = Debug|Any CPU
		Release|Any CPU = Release|Any CPU
	EndGlobalSection
	GlobalSection(ProjectConfigurationPlatforms) = postSolution
		{2EDEC6E2-A66B-49A6-ACCE-9B679D835CBC}.Debug|Any CPU.ActiveCfg = Debug|Any CPU
		{2EDEC6E2-A66B-49A6-ACCE-9B679D835CBC}.Debug|Any CPU.Build.0 = Debug|Any CPU
		{2EDEC6E2-A66B-49A6-ACCE-9B679D835CBC}.Release|Any CPU.ActiveCfg = Release|Any CPU
		{2EDEC6E2-A66B-49A6-ACCE-9B679D835CBC}.Release|Any CPU.Build.0 = Release|Any CPU
		{07C975B3-82B5-43CA-B98A-D7C2E53F0EBA}.Debug|Any CPU.ActiveCfg = Debug|Any CPU
		{07C975B3-82B5-43CA-B98A-D7C2E53F0EBA}.Debug|Any CPU.Build.0 = Debug|Any CPU
		{07C975B3-82B5-43CA-B98A-D7C2E53F0EBA}.Release|Any CPU.ActiveCfg = Release|Any CPU
		{07C975B3-82B5-43CA-B98A-D7C2E53F0EBA}.Release|Any CPU.Build.0 = Release|Any CPU
		{8BA35B63-2D9A-4F43-B813-40150C006FB7}.Debug|Any CPU.ActiveCfg = Debug|Any CPU
		{8BA35B63-2D9A-4F43-B813-40150C006FB7}.Debug|Any CPU.Build.0 = Debug|Any CPU
		{8BA35B63-2D9A-4F43-B813-40150C006FB7}.Release|Any CPU.ActiveCfg = Release|Any CPU
		{8BA35B63-2D9A-4F43-B813-40150C006FB7}.Release|Any CPU.Build.0 = Release|Any CPU
		{0B173449-5A7C-465F-870C-E2CA5D553925}.Debug|Any CPU.ActiveCfg = Debug|Any CPU
		{0B173449-5A7C-465F-870C-E2CA5D553925}.Debug|Any CPU.Build.0 = Debug|Any CPU
		{0B173449-5A7C-465F-870C-E2CA5D553925}.Release|Any CPU.ActiveCfg = Release|Any CPU
		{0B173449-5A7C-465F-870C-E2CA5D553925}.Release|Any CPU.Build.0 = Release|Any CPU
	EndGlobalSection
	GlobalSection(SolutionProperties) = preSolution
		HideSolutionNode = FALSE
	EndGlobalSection
	GlobalSection(ExtensibilityGlobals) = postSolution
		SolutionGuid = {E5C6B717-8530-4870-B782-E3EB3DDE86C5}
	EndGlobalSection
EndGlobal
